
Microsoft Visual Studio Solution File, Format Version 12.00
# Visual Studio Version 17
VisualStudioVersion = 17.8.34330.188
MinimumVisualStudioVersion = 10.0.40219.1
Project("{2150E333-8FDC-42A3-9474-1A3956D46DE8}") = "HelloWorld", "HelloWorld", "{4347B392-8B6E-4700-A815-A3673DCD622F}"
EndProject
Project("{9A19103F-16F7-4668-BE54-9A1E7A4F7556}") = "HelloWorld.Analysis", "HelloWorld\HelloWorld.Analysis\HelloWorld.Analysis.csproj", "{ABC4142D-6818-4719-BD42-2D5CA1902B2A}"
EndProject
Project("{9A19103F-16F7-4668-BE54-9A1E7A4F7556}") = "HelloWorld", "HelloWorld\HelloWorld\HelloWorld.csproj", "{262D8FD0-8B2A-484F-98C6-1B6AB16DE843}"
EndProject
Project("{2150E333-8FDC-42A3-9474-1A3956D46DE8}") = "HelloWorld-IncrementalGenerator", "HelloWorld-IncrementalGenerator", "{ED7887BB-4E62-4A79-82A6-8652EC26B15F}"
EndProject
Project("{9A19103F-16F7-4668-BE54-9A1E7A4F7556}") = "HelloWorld-IncrementalGenerator", "HelloWorld-IncrementalGenerator\HelloWorld-IncrementalGenerator\HelloWorld-IncrementalGenerator.csproj", "{11D5B386-1C81-4F36-8B66-B7222A879AC5}"
EndProject
Project("{9A19103F-16F7-4668-BE54-9A1E7A4F7556}") = "HelloWorld-IncrementalGenerator.Analysis", "HelloWorld-IncrementalGenerator\HelloWorld-IncrementalGenerator.Analysis\HelloWorld-IncrementalGenerator.Analysis.csproj", "{AB200ED0-335D-47CA-B326-BC69F964C882}"
EndProject
Project("{2150E333-8FDC-42A3-9474-1A3956D46DE8}") = "IncrementalValueProviders", "IncrementalValueProviders", "{3D437C21-7BB4-48AE-9032-0D02FC0CF86F}"
EndProject
Project("{9A19103F-16F7-4668-BE54-9A1E7A4F7556}") = "LearnIncrementalValueProvider", "IncrementalValueProviders\LearnIncrementalValueProvider\LearnIncrementalValueProvider.csproj", "{3A1FC452-1997-4E63-B20B-6A563EF4F88C}"
EndProject
Project("{9A19103F-16F7-4668-BE54-9A1E7A4F7556}") = "LearnIncrementalValueProvider.Analysis", "LearnIncrementalValueProvider.Analysis\LearnIncrementalValueProvider.Analysis.csproj", "{AC0D7242-B041-49D8-BCCE-F4FD102C19EE}"
EndProject
Project("{2150E333-8FDC-42A3-9474-1A3956D46DE8}") = "GenerateClassFromSwagger", "GenerateClassFromSwagger", "{2BA47BD1-B14C-401F-8ADA-4B8CBA0BEB7D}"
EndProject
Project("{9A19103F-16F7-4668-BE54-9A1E7A4F7556}") = "GenerateClassFromSwagger.Analysis", "GenerateClassFromSwagger\GenerateClassFromSwagger.Analysis\GenerateClassFromSwagger.Analysis.csproj", "{D19C14EF-08E9-472F-B844-AA8225D1EEA4}"
EndProject
Project("{9A19103F-16F7-4668-BE54-9A1E7A4F7556}") = "GenerateClassFromSwagger", "GenerateClassFromSwagger\GenerateClassFromSwagger\GenerateClassFromSwagger.csproj", "{1D09FBCD-BA82-4ABC-B255-D9AADBDA21BA}"
EndProject
Project("{2150E333-8FDC-42A3-9474-1A3956D46DE8}") = "FromNuget", "FromNuget", "{1633D439-DEA2-4E2F-811D-30170A5685C2}"
EndProject
Project("{FAE04EC0-301F-11D3-BF4B-00C04F79EFBC}") = "GenerateClassFromSwaggerNuget", "FromNuget\GenerateClassFromSwaggerNuget\GenerateClassFromSwaggerNuget.csproj", "{C714A2A5-B07A-4418-B441-85FA170A3587}"
EndProject
Global
	GlobalSection(SolutionConfigurationPlatforms) = preSolution
		Debug|Any CPU = Debug|Any CPU
		Release|Any CPU = Release|Any CPU
	EndGlobalSection
	GlobalSection(ProjectConfigurationPlatforms) = postSolution
		{ABC4142D-6818-4719-BD42-2D5CA1902B2A}.Debug|Any CPU.ActiveCfg = Debug|Any CPU
		{ABC4142D-6818-4719-BD42-2D5CA1902B2A}.Debug|Any CPU.Build.0 = Debug|Any CPU
		{ABC4142D-6818-4719-BD42-2D5CA1902B2A}.Release|Any CPU.ActiveCfg = Release|Any CPU
		{ABC4142D-6818-4719-BD42-2D5CA1902B2A}.Release|Any CPU.Build.0 = Release|Any CPU
		{262D8FD0-8B2A-484F-98C6-1B6AB16DE843}.Debug|Any CPU.ActiveCfg = Debug|Any CPU
		{262D8FD0-8B2A-484F-98C6-1B6AB16DE843}.Debug|Any CPU.Build.0 = Debug|Any CPU
		{262D8FD0-8B2A-484F-98C6-1B6AB16DE843}.Release|Any CPU.ActiveCfg = Release|Any CPU
		{262D8FD0-8B2A-484F-98C6-1B6AB16DE843}.Release|Any CPU.Build.0 = Release|Any CPU
		{11D5B386-1C81-4F36-8B66-B7222A879AC5}.Debug|Any CPU.ActiveCfg = Debug|Any CPU
		{11D5B386-1C81-4F36-8B66-B7222A879AC5}.Debug|Any CPU.Build.0 = Debug|Any CPU
		{11D5B386-1C81-4F36-8B66-B7222A879AC5}.Release|Any CPU.ActiveCfg = Release|Any CPU
		{11D5B386-1C81-4F36-8B66-B7222A879AC5}.Release|Any CPU.Build.0 = Release|Any CPU
		{AB200ED0-335D-47CA-B326-BC69F964C882}.Debug|Any CPU.ActiveCfg = Debug|Any CPU
		{AB200ED0-335D-47CA-B326-BC69F964C882}.Debug|Any CPU.Build.0 = Debug|Any CPU
		{AB200ED0-335D-47CA-B326-BC69F964C882}.Release|Any CPU.ActiveCfg = Release|Any CPU
		{AB200ED0-335D-47CA-B326-BC69F964C882}.Release|Any CPU.Build.0 = Release|Any CPU
		{3A1FC452-1997-4E63-B20B-6A563EF4F88C}.Debug|Any CPU.ActiveCfg = Debug|Any CPU
		{3A1FC452-1997-4E63-B20B-6A563EF4F88C}.Debug|Any CPU.Build.0 = Debug|Any CPU
		{3A1FC452-1997-4E63-B20B-6A563EF4F88C}.Release|Any CPU.ActiveCfg = Release|Any CPU
		{3A1FC452-1997-4E63-B20B-6A563EF4F88C}.Release|Any CPU.Build.0 = Release|Any CPU
		{AC0D7242-B041-49D8-BCCE-F4FD102C19EE}.Debug|Any CPU.ActiveCfg = Debug|Any CPU
		{AC0D7242-B041-49D8-BCCE-F4FD102C19EE}.Debug|Any CPU.Build.0 = Debug|Any CPU
		{AC0D7242-B041-49D8-BCCE-F4FD102C19EE}.Release|Any CPU.ActiveCfg = Release|Any CPU
		{AC0D7242-B041-49D8-BCCE-F4FD102C19EE}.Release|Any CPU.Build.0 = Release|Any CPU
		{D19C14EF-08E9-472F-B844-AA8225D1EEA4}.Debug|Any CPU.ActiveCfg = Debug|Any CPU
		{D19C14EF-08E9-472F-B844-AA8225D1EEA4}.Debug|Any CPU.Build.0 = Debug|Any CPU
		{D19C14EF-08E9-472F-B844-AA8225D1EEA4}.Release|Any CPU.ActiveCfg = Release|Any CPU
		{D19C14EF-08E9-472F-B844-AA8225D1EEA4}.Release|Any CPU.Build.0 = Release|Any CPU
		{1D09FBCD-BA82-4ABC-B255-D9AADBDA21BA}.Debug|Any CPU.ActiveCfg = Debug|Any CPU
		{1D09FBCD-BA82-4ABC-B255-D9AADBDA21BA}.Debug|Any CPU.Build.0 = Debug|Any CPU
		{1D09FBCD-BA82-4ABC-B255-D9AADBDA21BA}.Release|Any CPU.ActiveCfg = Release|Any CPU
		{1D09FBCD-BA82-4ABC-B255-D9AADBDA21BA}.Release|Any CPU.Build.0 = Release|Any CPU
		{C714A2A5-B07A-4418-B441-85FA170A3587}.Debug|Any CPU.ActiveCfg = Debug|Any CPU
		{C714A2A5-B07A-4418-B441-85FA170A3587}.Debug|Any CPU.Build.0 = Debug|Any CPU
		{C714A2A5-B07A-4418-B441-85FA170A3587}.Release|Any CPU.ActiveCfg = Release|Any CPU
		{C714A2A5-B07A-4418-B441-85FA170A3587}.Release|Any CPU.Build.0 = Release|Any CPU
	EndGlobalSection
	GlobalSection(SolutionProperties) = preSolution
		HideSolutionNode = FALSE
	EndGlobalSection
	GlobalSection(NestedProjects) = preSolution
		{ABC4142D-6818-4719-BD42-2D5CA1902B2A} = {4347B392-8B6E-4700-A815-A3673DCD622F}
		{262D8FD0-8B2A-484F-98C6-1B6AB16DE843} = {4347B392-8B6E-4700-A815-A3673DCD622F}
		{11D5B386-1C81-4F36-8B66-B7222A879AC5} = {ED7887BB-4E62-4A79-82A6-8652EC26B15F}
		{AB200ED0-335D-47CA-B326-BC69F964C882} = {ED7887BB-4E62-4A79-82A6-8652EC26B15F}
		{3A1FC452-1997-4E63-B20B-6A563EF4F88C} = {3D437C21-7BB4-48AE-9032-0D02FC0CF86F}
		{AC0D7242-B041-49D8-BCCE-F4FD102C19EE} = {3D437C21-7BB4-48AE-9032-0D02FC0CF86F}
		{D19C14EF-08E9-472F-B844-AA8225D1EEA4} = {2BA47BD1-B14C-401F-8ADA-4B8CBA0BEB7D}
		{1D09FBCD-BA82-4ABC-B255-D9AADBDA21BA} = {2BA47BD1-B14C-401F-8ADA-4B8CBA0BEB7D}
		{C714A2A5-B07A-4418-B441-85FA170A3587} = {1633D439-DEA2-4E2F-811D-30170A5685C2}
	EndGlobalSection
	GlobalSection(ExtensibilityGlobals) = postSolution
		SolutionGuid = {5958A1CD-FB02-49E4-8975-1A8508AE3582}
	EndGlobalSection
EndGlobal
